
Microsoft Visual Studio Solution File, Format Version 12.00
Project("{FAE04EC0-301F-11D3-BF4B-00C04F79EFBC}") = "presyotect-next", "presyotect-next\presyotect-next.csproj", "{427A1D39-8224-49AA-BDE5-D36D961B6AE3}"
EndProject
Global
	GlobalSection(SolutionConfigurationPlatforms) = preSolution
		Debug|Any CPU = Debug|Any CPU
		Release|Any CPU = Release|Any CPU
	EndGlobalSection
	GlobalSection(ProjectConfigurationPlatforms) = postSolution
		{427A1D39-8224-49AA-BDE5-D36D961B6AE3}.Debug|Any CPU.ActiveCfg = Debug|Any CPU
		{427A1D39-8224-49AA-BDE5-D36D961B6AE3}.Debug|Any CPU.Build.0 = Debug|Any CPU
		{427A1D39-8224-49AA-BDE5-D36D961B6AE3}.Release|Any CPU.ActiveCfg = Release|Any CPU
		{427A1D39-8224-49AA-BDE5-D36D961B6AE3}.Release|Any CPU.Build.0 = Release|Any CPU
	EndGlobalSection
EndGlobal
